
Microsoft Visual Studio Solution File, Format Version 12.00
# Visual Studio 15
VisualStudioVersion = 15.0.28307.106
MinimumVisualStudioVersion = 10.0.40219.1
Project("{FAE04EC0-301F-11D3-BF4B-00C04F79EFBC}") = "ConsoleApp1", "ConsoleApp1\ConsoleApp1.csproj", "{0ED6B763-5497-4369-A5D5-64A52CB9D204}"
EndProject
Global
	GlobalSection(SolutionConfigurationPlatforms) = preSolution
		Debug|Any CPU = Debug|Any CPU
		Release|Any CPU = Release|Any CPU
	EndGlobalSection
	GlobalSection(ProjectConfigurationPlatforms) = postSolution
		{0ED6B763-5497-4369-A5D5-64A52CB9D204}.Debug|Any CPU.ActiveCfg = Debug|Any CPU
		{0ED6B763-5497-4369-A5D5-64A52CB9D204}.Debug|Any CPU.Build.0 = Debug|Any CPU
		{0ED6B763-5497-4369-A5D5-64A52CB9D204}.Release|Any CPU.ActiveCfg = Release|Any CPU
		{0ED6B763-5497-4369-A5D5-64A52CB9D204}.Release|Any CPU.Build.0 = Release|Any CPU
	EndGlobalSection
	GlobalSection(SolutionProperties) = preSolution
		HideSolutionNode = FALSE
	EndGlobalSection
	GlobalSection(ExtensibilityGlobals) = postSolution
		SolutionGuid = {CAD402CC-3FF5-4564-AA9D-9888D550FBFA}
	EndGlobalSection
EndGlobal
